
Microsoft Visual Studio Solution File, Format Version 12.00
# Visual Studio Version 16
VisualStudioVersion = 16.0.31727.386
MinimumVisualStudioVersion = 10.0.40219.1
Project("{8BC9CEB8-8B4A-11D0-8D11-00A0C91BC942}") = "Asteroids2", "Asteroids2\Asteroids2.vcxproj", "{9D21EEAD-DFAB-4108-9A77-4E015E5B86B3}"
EndProject
Project("{840C416C-B8F3-42BC-B0DD-F6BB14C9F8CB}") = "Asteroid Installer", "Asteroid Installer\Asteroid Installer.aiproj", "{FBF1416E-1705-4DBE-B80F-601C54148823}"
EndProject
Global
	GlobalSection(SolutionConfigurationPlatforms) = preSolution
		All|x64 = All|x64
		All|x86 = All|x86
		Debug|x64 = Debug|x64
		Debug|x86 = Debug|x86
		Release|x64 = Release|x64
		Release|x86 = Release|x86
	EndGlobalSection
	GlobalSection(ProjectConfigurationPlatforms) = postSolution
		{9D21EEAD-DFAB-4108-9A77-4E015E5B86B3}.All|x64.ActiveCfg = Release|x64
		{9D21EEAD-DFAB-4108-9A77-4E015E5B86B3}.All|x64.Build.0 = Release|x64
		{9D21EEAD-DFAB-4108-9A77-4E015E5B86B3}.All|x86.ActiveCfg = Release|Win32
		{9D21EEAD-DFAB-4108-9A77-4E015E5B86B3}.All|x86.Build.0 = Release|Win32
		{9D21EEAD-DFAB-4108-9A77-4E015E5B86B3}.Debug|x64.ActiveCfg = Debug|x64
		{9D21EEAD-DFAB-4108-9A77-4E015E5B86B3}.Debug|x64.Build.0 = Debug|x64
		{9D21EEAD-DFAB-4108-9A77-4E015E5B86B3}.Debug|x86.ActiveCfg = Debug|Win32
		{9D21EEAD-DFAB-4108-9A77-4E015E5B86B3}.Debug|x86.Build.0 = Debug|Win32
		{9D21EEAD-DFAB-4108-9A77-4E015E5B86B3}.Release|x64.ActiveCfg = Release|x64
		{9D21EEAD-DFAB-4108-9A77-4E015E5B86B3}.Release|x64.Build.0 = Release|x64
		{9D21EEAD-DFAB-4108-9A77-4E015E5B86B3}.Release|x86.ActiveCfg = Release|Win32
		{9D21EEAD-DFAB-4108-9A77-4E015E5B86B3}.Release|x86.Build.0 = Release|Win32
		{FBF1416E-1705-4DBE-B80F-601C54148823}.All|x64.ActiveCfg = DefaultBuild
		{FBF1416E-1705-4DBE-B80F-601C54148823}.All|x64.Build.0 = DefaultBuild
		{FBF1416E-1705-4DBE-B80F-601C54148823}.All|x86.ActiveCfg = DefaultBuild
		{FBF1416E-1705-4DBE-B80F-601C54148823}.All|x86.Build.0 = DefaultBuild
		{FBF1416E-1705-4DBE-B80F-601C54148823}.Debug|x64.ActiveCfg = DefaultBuild
		{FBF1416E-1705-4DBE-B80F-601C54148823}.Debug|x64.Build.0 = DefaultBuild
		{FBF1416E-1705-4DBE-B80F-601C54148823}.Debug|x86.ActiveCfg = DefaultBuild
		{FBF1416E-1705-4DBE-B80F-601C54148823}.Debug|x86.Build.0 = DefaultBuild
		{FBF1416E-1705-4DBE-B80F-601C54148823}.Release|x64.ActiveCfg = DefaultBuild
		{FBF1416E-1705-4DBE-B80F-601C54148823}.Release|x64.Build.0 = DefaultBuild
		{FBF1416E-1705-4DBE-B80F-601C54148823}.Release|x86.ActiveCfg = DefaultBuild
		{FBF1416E-1705-4DBE-B80F-601C54148823}.Release|x86.Build.0 = DefaultBuild
	EndGlobalSection
	GlobalSection(SolutionProperties) = preSolution
		HideSolutionNode = FALSE
	EndGlobalSection
	GlobalSection(ExtensibilityGlobals) = postSolution
		SolutionGuid = {3B2501AD-19EE-4C08-912B-7D5237C5F93A}
	EndGlobalSection
EndGlobal
